
Microsoft Visual Studio Solution File, Format Version 12.00
# Visual Studio Version 16
VisualStudioVersion = 16.0.30709.132
MinimumVisualStudioVersion = 10.0.40219.1
Project("{FAE04EC0-301F-11D3-BF4B-00C04F79EFBC}") = "NanoTwitchBot", "NanoTwitchBot\NanoTwitchBot.csproj", "{162F1831-31C7-416A-879B-2B6ECE465772}"
EndProject
Project("{FAE04EC0-301F-11D3-BF4B-00C04F79EFBC}") = "NanoTwitchBot.Core", "NanoTwitchBot.Core\NanoTwitchBot.Core.csproj", "{3B535C82-0B70-4394-B09B-831812D561F4}"
EndProject
Global
	GlobalSection(SolutionConfigurationPlatforms) = preSolution
		Debug|Any CPU = Debug|Any CPU
		Release|Any CPU = Release|Any CPU
	EndGlobalSection
	GlobalSection(ProjectConfigurationPlatforms) = postSolution
		{162F1831-31C7-416A-879B-2B6ECE465772}.Debug|Any CPU.ActiveCfg = Debug|Any CPU
		{162F1831-31C7-416A-879B-2B6ECE465772}.Debug|Any CPU.Build.0 = Debug|Any CPU
		{162F1831-31C7-416A-879B-2B6ECE465772}.Release|Any CPU.ActiveCfg = Release|Any CPU
		{162F1831-31C7-416A-879B-2B6ECE465772}.Release|Any CPU.Build.0 = Release|Any CPU
		{3B535C82-0B70-4394-B09B-831812D561F4}.Debug|Any CPU.ActiveCfg = Debug|Any CPU
		{3B535C82-0B70-4394-B09B-831812D561F4}.Debug|Any CPU.Build.0 = Debug|Any CPU
		{3B535C82-0B70-4394-B09B-831812D561F4}.Release|Any CPU.ActiveCfg = Release|Any CPU
		{3B535C82-0B70-4394-B09B-831812D561F4}.Release|Any CPU.Build.0 = Release|Any CPU
	EndGlobalSection
	GlobalSection(SolutionProperties) = preSolution
		HideSolutionNode = FALSE
	EndGlobalSection
	GlobalSection(ExtensibilityGlobals) = postSolution
		SolutionGuid = {7FE9AD79-0ECC-4E7E-9611-2620DB18A316}
	EndGlobalSection
EndGlobal
